
Microsoft Visual Studio Solution File, Format Version 12.00
# Visual Studio Version 17
VisualStudioVersion = 17.5.33318.248
MinimumVisualStudioVersion = 10.0.40219.1
Project("{FAE04EC0-301F-11D3-BF4B-00C04F79EFBC}") = "Shop", "Shop\Shop.csproj", "{ECEF4459-AB25-4207-AB73-2CA23539DE5E}"
EndProject
Global
	GlobalSection(SolutionConfigurationPlatforms) = preSolution
		Debug|Any CPU = Debug|Any CPU
		Release|Any CPU = Release|Any CPU
	EndGlobalSection
	GlobalSection(ProjectConfigurationPlatforms) = postSolution
		{ECEF4459-AB25-4207-AB73-2CA23539DE5E}.Debug|Any CPU.ActiveCfg = Debug|Any CPU
		{ECEF4459-AB25-4207-AB73-2CA23539DE5E}.Debug|Any CPU.Build.0 = Debug|Any CPU
		{ECEF4459-AB25-4207-AB73-2CA23539DE5E}.Release|Any CPU.ActiveCfg = Release|Any CPU
		{ECEF4459-AB25-4207-AB73-2CA23539DE5E}.Release|Any CPU.Build.0 = Release|Any CPU
	EndGlobalSection
	GlobalSection(SolutionProperties) = preSolution
		HideSolutionNode = FALSE
	EndGlobalSection
	GlobalSection(ExtensibilityGlobals) = postSolution
		SolutionGuid = {97BDD6EC-57B0-452E-BC22-3C16383FA4D7}
	EndGlobalSection
EndGlobal
